
Microsoft Visual Studio Solution File, Format Version 12.00
# Visual Studio Version 17
VisualStudioVersion = 17.9.34902.65
MinimumVisualStudioVersion = 10.0.40219.1
Project("{FAE04EC0-301F-11D3-BF4B-00C04F79EFBC}") = "MathGame", "MathGame\MathGame.csproj", "{55C1EA8D-686D-4D09-9854-8125628118D1}"
EndProject
Global
	GlobalSection(SolutionConfigurationPlatforms) = preSolution
		Debug|Any CPU = Debug|Any CPU
		Release|Any CPU = Release|Any CPU
	EndGlobalSection
	GlobalSection(ProjectConfigurationPlatforms) = postSolution
		{55C1EA8D-686D-4D09-9854-8125628118D1}.Debug|Any CPU.ActiveCfg = Debug|Any CPU
		{55C1EA8D-686D-4D09-9854-8125628118D1}.Debug|Any CPU.Build.0 = Debug|Any CPU
		{55C1EA8D-686D-4D09-9854-8125628118D1}.Release|Any CPU.ActiveCfg = Release|Any CPU
		{55C1EA8D-686D-4D09-9854-8125628118D1}.Release|Any CPU.Build.0 = Release|Any CPU
	EndGlobalSection
	GlobalSection(SolutionProperties) = preSolution
		HideSolutionNode = FALSE
	EndGlobalSection
	GlobalSection(ExtensibilityGlobals) = postSolution
		SolutionGuid = {1BAC1D8E-2704-4E22-A0F9-5F102C4EB683}
	EndGlobalSection
EndGlobal
